
Microsoft Visual Studio Solution File, Format Version 12.00
# Visual Studio 15
VisualStudioVersion = 15.0.28307.902
MinimumVisualStudioVersion = 10.0.40219.1
Project("{FAE04EC0-301F-11D3-BF4B-00C04F79EFBC}") = "EmbraceInfinity", "EmbraceInfinity\EmbraceInfinity.csproj", "{B3C81529-AE06-416B-BCEB-B373355AFD90}"
EndProject
Global
	GlobalSection(SolutionConfigurationPlatforms) = preSolution
		Debug|Any CPU = Debug|Any CPU
		Release|Any CPU = Release|Any CPU
	EndGlobalSection
	GlobalSection(ProjectConfigurationPlatforms) = postSolution
		{B3C81529-AE06-416B-BCEB-B373355AFD90}.Debug|Any CPU.ActiveCfg = Debug|Any CPU
		{B3C81529-AE06-416B-BCEB-B373355AFD90}.Debug|Any CPU.Build.0 = Debug|Any CPU
		{B3C81529-AE06-416B-BCEB-B373355AFD90}.Release|Any CPU.ActiveCfg = Release|Any CPU
		{B3C81529-AE06-416B-BCEB-B373355AFD90}.Release|Any CPU.Build.0 = Release|Any CPU
	EndGlobalSection
	GlobalSection(SolutionProperties) = preSolution
		HideSolutionNode = FALSE
	EndGlobalSection
	GlobalSection(ExtensibilityGlobals) = postSolution
		SolutionGuid = {00105434-F7B6-490B-B039-CEEED6E5F76B}
	EndGlobalSection
EndGlobal
